PODS:
  - CCCUIKit/CCCCamera (1.0.4-beta)
  - MBProgressHUD (1.0.0)

DEPENDENCIES:
  - CCCUIKit/CCCCamera (from `~/Desktop/iOS/Pods/CCCUIKit`)
  - MBProgressHUD (~> 1.0.0)

EXTERNAL SOURCES:
  CCCUIKit:
    :path: "~/Desktop/iOS/Pods/CCCUIKit"

SPEC CHECKSUMS:
  CCCUIKit: 1d31f7355ab5fad8806e8d348a956e3ce7e8e248
  MBProgressHUD: 4890f671c94e8a0f3cf959aa731e9de2f036d71a

PODFILE CHECKSUM: 36a3e6dd852d98897a9f36417cf8e94b763d72e8

COCOAPODS: 1.2.0
